// !$*UTF8*$!
{
	archiveVersion = 1;
	classes = {
	};
	objectVersion = 46;
	objects = {

/* Begin PBXBuildFile section */
		6F9DB8621AC260DB0084D3C9 /* PS_TabBarViewController.m in Sources */ = {isa = PBXBuildFile; fileRef = 6F9DB8611AC260DB0084D3C9 /* PS_TabBarViewController.m */; };
		6F9DB8681AC2630C0084D3C9 /* PS_DiscoverViewController.m in Sources */ = {isa = PBXBuildFile; fileRef = 6F9DB8671AC2630C0084D3C9 /* PS_DiscoverViewController.m */; };
		6F9DB86B1AC263FC0084D3C9 /* PS_CustomTabBarView.m in Sources */ = {isa = PBXBuildFile; fileRef = 6F9DB86A1AC263FC0084D3C9 /* PS_CustomTabBarView.m */; };
		6F9DB86E1AC26AD20084D3C9 /* PS_HotViewController.m in Sources */ = {isa = PBXBuildFile; fileRef = 6F9DB86D1AC26AD20084D3C9 /* PS_HotViewController.m */; };
		6F9DB8741AC26B500084D3C9 /* PS_NotificationViewController.m in Sources */ = {isa = PBXBuildFile; fileRef = 6F9DB8731AC26B500084D3C9 /* PS_NotificationViewController.m */; };
		6F9DB8771AC26BA60084D3C9 /* PS_AchievementViewController.m in Sources */ = {isa = PBXBuildFile; fileRef = 6F9DB8761AC26BA60084D3C9 /* PS_AchievementViewController.m */; };
		6F9DB8801AC2735D0084D3C9 /* PS_BaseNavigationController.m in Sources */ = {isa = PBXBuildFile; fileRef = 6F9DB87F1AC2735D0084D3C9 /* PS_BaseNavigationController.m */; };
		6F9DB8871AC28F850084D3C9 /* PS_ImageCollectionViewCell.m in Sources */ = {isa = PBXBuildFile; fileRef = 6F9DB8861AC28F850084D3C9 /* PS_ImageCollectionViewCell.m */; };
		6F9DB8891AC291460084D3C9 /* a.png in Resources */ = {isa = PBXBuildFile; fileRef = 6F9DB8881AC291460084D3C9 /* a.png */; };
		6F9DB88C1AC2992A0084D3C9 /* PS_ImageDetailViewController.m in Sources */ = {isa = PBXBuildFile; fileRef = 6F9DB88B1AC2992A0084D3C9 /* PS_ImageDetailViewController.m */; };
		6F9DB8931AC2A8A70084D3C9 /* PS_SettingViewController.m in Sources */ = {isa = PBXBuildFile; fileRef = 6F9DB8921AC2A8A70084D3C9 /* PS_SettingViewController.m */; };
		C8B016421AC170C90043120A /* main.m in Sources */ = {isa = PBXBuildFile; fileRef = C8B016411AC170C90043120A /* main.m */; };
		C8B016451AC170C90043120A /* AppDelegate.m in Sources */ = {isa = PBXBuildFile; fileRef = C8B016441AC170C90043120A /* AppDelegate.m */; };
		C8B016481AC170C90043120A /* ViewController.m in Sources */ = {isa = PBXBuildFile; fileRef = C8B016471AC170C90043120A /* ViewController.m */; };
		C8B0164B1AC170C90043120A /* Main.storyboard in Resources */ = {isa = PBXBuildFile; fileRef = C8B016491AC170C90043120A /* Main.storyboard */; };
		C8B0164D1AC170C90043120A /* Images.xcassets in Resources */ = {isa = PBXBuildFile; fileRef = C8B0164C1AC170C90043120A /* Images.xcassets */; };
		C8B016501AC170C90043120A /* LaunchScreen.xib in Resources */ = {isa = PBXBuildFile; fileRef = C8B0164E1AC170C90043120A /* LaunchScreen.xib */; };
		C8B0165C1AC170C90043120A /* iPhotoSocialTests.m in Sources */ = {isa = PBXBuildFile; fileRef = C8B0165B1AC170C90043120A /* iPhotoSocialTests.m */; };
/* End PBXBuildFile section */

/* Begin PBXContainerItemProxy section */
		C8B016561AC170C90043120A /* PBXContainerItemProxy */ = {
			isa = PBXContainerItemProxy;
			containerPortal = C8B016341AC170C90043120A /* Project object */;
			proxyType = 1;
			remoteGlobalIDString = C8B0163B1AC170C90043120A;
			remoteInfo = iPhotoSocial;
		};
/* End PBXContainerItemProxy section */

/* Begin PBXFileReference section */
		6F9DB8601AC260DB0084D3C9 /* PS_TabBarViewController.h */ = {isa = PBXFileReference; fileEncoding = 4; lastKnownFileType = sourcecode.c.h; path = PS_TabBarViewController.h; sourceTree = "<group>"; };
		6F9DB8611AC260DB0084D3C9 /* PS_TabBarViewController.m */ = {isa = PBXFileReference; fileEncoding = 4; lastKnownFileType = sourcecode.c.objc; path = PS_TabBarViewController.m; sourceTree = "<group>"; };
		6F9DB8661AC2630C0084D3C9 /* PS_DiscoverViewController.h */ = {isa = PBXFileReference; fileEncoding = 4; lastKnownFileType = sourcecode.c.h; path = PS_DiscoverViewController.h; sourceTree = "<group>"; };
		6F9DB8671AC2630C0084D3C9 /* PS_DiscoverViewController.m */ = {isa = PBXFileReference; fileEncoding = 4; lastKnownFileType = sourcecode.c.objc; path = PS_DiscoverViewController.m; sourceTree = "<group>"; };
		6F9DB8691AC263FC0084D3C9 /* PS_CustomTabBarView.h */ = {isa = PBXFileReference; fileEncoding = 4; lastKnownFileType = sourcecode.c.h; path = PS_CustomTabBarView.h; sourceTree = "<group>"; };
		6F9DB86A1AC263FC0084D3C9 /* PS_CustomTabBarView.m */ = {isa = PBXFileReference; fileEncoding = 4; lastKnownFileType = sourcecode.c.objc; path = PS_CustomTabBarView.m; sourceTree = "<group>"; };
		6F9DB86C1AC26AD20084D3C9 /* PS_HotViewController.h */ = {isa = PBXFileReference; fileEncoding = 4; lastKnownFileType = sourcecode.c.h; path = PS_HotViewController.h; sourceTree = "<group>"; };
		6F9DB86D1AC26AD20084D3C9 /* PS_HotViewController.m */ = {isa = PBXFileReference; fileEncoding = 4; lastKnownFileType = sourcecode.c.objc; path = PS_HotViewController.m; sourceTree = "<group>"; };
		6F9DB8721AC26B500084D3C9 /* PS_NotificationViewController.h */ = {isa = PBXFileReference; fileEncoding = 4; lastKnownFileType = sourcecode.c.h; path = PS_NotificationViewController.h; sourceTree = "<group>"; };
		6F9DB8731AC26B500084D3C9 /* PS_NotificationViewController.m */ = {isa = PBXFileReference; fileEncoding = 4; lastKnownFileType = sourcecode.c.objc; path = PS_NotificationViewController.m; sourceTree = "<group>"; };
		6F9DB8751AC26BA60084D3C9 /* PS_AchievementViewController.h */ = {isa = PBXFileReference; fileEncoding = 4; lastKnownFileType = sourcecode.c.h; path = PS_AchievementViewController.h; sourceTree = "<group>"; };
		6F9DB8761AC26BA60084D3C9 /* PS_AchievementViewController.m */ = {isa = PBXFileReference; fileEncoding = 4; lastKnownFileType = sourcecode.c.objc; path = PS_AchievementViewController.m; sourceTree = "<group>"; };
		6F9DB87E1AC2735D0084D3C9 /* PS_BaseNavigationController.h */ = {isa = PBXFileReference; fileEncoding = 4; lastKnownFileType = sourcecode.c.h; path = PS_BaseNavigationController.h; sourceTree = "<group>"; };
		6F9DB87F1AC2735D0084D3C9 /* PS_BaseNavigationController.m */ = {isa = PBXFileReference; fileEncoding = 4; lastKnownFileType = sourcecode.c.objc; path = PS_BaseNavigationController.m; sourceTree = "<group>"; };
		6F9DB8851AC28F850084D3C9 /* PS_ImageCollectionViewCell.h */ = {isa = PBXFileReference; fileEncoding = 4; lastKnownFileType = sourcecode.c.h; path = PS_ImageCollectionViewCell.h; sourceTree = "<group>"; };
		6F9DB8861AC28F850084D3C9 /* PS_ImageCollectionViewCell.m */ = {isa = PBXFileReference; fileEncoding = 4; lastKnownFileType = sourcecode.c.objc; path = PS_ImageCollectionViewCell.m; sourceTree = "<group>"; };
		6F9DB8881AC291460084D3C9 /* a.png */ = {isa = PBXFileReference; lastKnownFileType = image.png; path = a.png; sourceTree = "<group>"; };
		6F9DB88A1AC2992A0084D3C9 /* PS_ImageDetailViewController.h */ = {isa = PBXFileReference; fileEncoding = 4; lastKnownFileType = sourcecode.c.h; path = PS_ImageDetailViewController.h; sourceTree = "<group>"; };
		6F9DB88B1AC2992A0084D3C9 /* PS_ImageDetailViewController.m */ = {isa = PBXFileReference; fileEncoding = 4; lastKnownFileType = sourcecode.c.objc; path = PS_ImageDetailViewController.m; sourceTree = "<group>"; };
		6F9DB8911AC2A8A70084D3C9 /* PS_SettingViewController.h */ = {isa = PBXFileReference; fileEncoding = 4; lastKnownFileType = sourcecode.c.h; path = PS_SettingViewController.h; sourceTree = "<group>"; };
		6F9DB8921AC2A8A70084D3C9 /* PS_SettingViewController.m */ = {isa = PBXFileReference; fileEncoding = 4; lastKnownFileType = sourcecode.c.objc; path = PS_SettingViewController.m; sourceTree = "<group>"; };
		C8B0163C1AC170C90043120A /* iPhotoSocial.app */ = {isa = PBXFileReference; explicitFileType = wrapper.application; includeInIndex = 0; path = iPhotoSocial.app; sourceTree = BUILT_PRODUCTS_DIR; };
		C8B016401AC170C90043120A /* Info.plist */ = {isa = PBXFileReference; lastKnownFileType = text.plist.xml; path = Info.plist; sourceTree = "<group>"; };
		C8B016411AC170C90043120A /* main.m */ = {isa = PBXFileReference; lastKnownFileType = sourcecode.c.objc; path = main.m; sourceTree = "<group>"; };
		C8B016431AC170C90043120A /* AppDelegate.h */ = {isa = PBXFileReference; lastKnownFileType = sourcecode.c.h; path = AppDelegate.h; sourceTree = "<group>"; };
		C8B016441AC170C90043120A /* AppDelegate.m */ = {isa = PBXFileReference; lastKnownFileType = sourcecode.c.objc; path = AppDelegate.m; sourceTree = "<group>"; };
		C8B016461AC170C90043120A /* ViewController.h */ = {isa = PBXFileReference; lastKnownFileType = sourcecode.c.h; path = ViewController.h; sourceTree = "<group>"; };
		C8B016471AC170C90043120A /* ViewController.m */ = {isa = PBXFileReference; lastKnownFileType = sourcecode.c.objc; path = ViewController.m; sourceTree = "<group>"; };
		C8B0164A1AC170C90043120A /* Base */ = {isa = PBXFileReference; lastKnownFileType = file.storyboard; name = Base; path = Base.lproj/Main.storyboard; sourceTree = "<group>"; };
		C8B0164C1AC170C90043120A /* Images.xcassets */ = {isa = PBXFileReference; lastKnownFileType = folder.assetcatalog; path = Images.xcassets; sourceTree = "<group>"; };
		C8B0164F1AC170C90043120A /* Base */ = {isa = PBXFileReference; lastKnownFileType = file.xib; name = Base; path = Base.lproj/LaunchScreen.xib; sourceTree = "<group>"; };
		C8B016551AC170C90043120A /* iPhotoSocialTests.xctest */ = {isa = PBXFileReference; explicitFileType = wrapper.cfbundle; includeInIndex = 0; path = iPhotoSocialTests.xctest; sourceTree = BUILT_PRODUCTS_DIR; };
		C8B0165A1AC170C90043120A /* Info.plist */ = {isa = PBXFileReference; lastKnownFileType = text.plist.xml; path = Info.plist; sourceTree = "<group>"; };
		C8B0165B1AC170C90043120A /* iPhotoSocialTests.m */ = {isa = PBXFileReference; lastKnownFileType = sourcecode.c.objc; path = iPhotoSocialTests.m; sourceTree = "<group>"; };
/* End PBXFileReference section */

/* Begin PBXFrameworksBuildPhase section */
		C8B016391AC170C90043120A /* Frameworks */ = {
			isa = PBXFrameworksBuildPhase;
			buildActionMask = 2147483647;
			files = (
			);
			runOnlyForDeploymentPostprocessing = 0;
		};
		C8B016521AC170C90043120A /* Frameworks */ = {
			isa = PBXFrameworksBuildPhase;
			buildActionMask = 2147483647;
			files = (
			);
			runOnlyForDeploymentPostprocessing = 0;
		};
/* End PBXFrameworksBuildPhase section */

/* Begin PBXGroup section */
		C8B016331AC170C90043120A = {
			isa = PBXGroup;
			children = (
				C8B0163E1AC170C90043120A /* iPhotoSocial */,
				C8B016581AC170C90043120A /* iPhotoSocialTests */,
				C8B0163D1AC170C90043120A /* Products */,
			);
			sourceTree = "<group>";
		};
		C8B0163D1AC170C90043120A /* Products */ = {
			isa = PBXGroup;
			children = (
				C8B0163C1AC170C90043120A /* iPhotoSocial.app */,
				C8B016551AC170C90043120A /* iPhotoSocialTests.xctest */,
			);
			name = Products;
			sourceTree = "<group>";
		};
		C8B0163E1AC170C90043120A /* iPhotoSocial */ = {
			isa = PBXGroup;
			children = (
				C8B0166E1AC172D70043120A /* Share */,
				C8B0166D1AC172BB0043120A /* Categories */,
				C8B0166C1AC172B00043120A /* Resources */,
				C8B0166B1AC172620043120A /* DataManager */,
				C8B0166A1AC172540043120A /* SDK */,
				C8B016681AC170ED0043120A /* Public */,
				C8B016671AC170E50043120A /* Models */,
				C8B016661AC170DE0043120A /* Controllers */,
				C8B016651AC170D50043120A /* Views */,
				C8B016431AC170C90043120A /* AppDelegate.h */,
				C8B016441AC170C90043120A /* AppDelegate.m */,
				C8B016461AC170C90043120A /* ViewController.h */,
				C8B016471AC170C90043120A /* ViewController.m */,
				C8B016491AC170C90043120A /* Main.storyboard */,
				C8B0164C1AC170C90043120A /* Images.xcassets */,
				C8B0164E1AC170C90043120A /* LaunchScreen.xib */,
				C8B0163F1AC170C90043120A /* Supporting Files */,
			);
			path = iPhotoSocial;
			sourceTree = "<group>";
		};
		C8B0163F1AC170C90043120A /* Supporting Files */ = {
			isa = PBXGroup;
			children = (
				C8B016401AC170C90043120A /* Info.plist */,
				C8B016411AC170C90043120A /* main.m */,
			);
			name = "Supporting Files";
			sourceTree = "<group>";
		};
		C8B016581AC170C90043120A /* iPhotoSocialTests */ = {
			isa = PBXGroup;
			children = (
				C8B0165B1AC170C90043120A /* iPhotoSocialTests.m */,
				C8B016591AC170C90043120A /* Supporting Files */,
			);
			path = iPhotoSocialTests;
			sourceTree = "<group>";
		};
		C8B016591AC170C90043120A /* Supporting Files */ = {
			isa = PBXGroup;
			children = (
				C8B0165A1AC170C90043120A /* Info.plist */,
			);
			name = "Supporting Files";
			sourceTree = "<group>";
		};
		C8B016651AC170D50043120A /* Views */ = {
			isa = PBXGroup;
			children = (
				6F9DB8691AC263FC0084D3C9 /* PS_CustomTabBarView.h */,
				6F9DB86A1AC263FC0084D3C9 /* PS_CustomTabBarView.m */,
				6F9DB8851AC28F850084D3C9 /* PS_ImageCollectionViewCell.h */,
				6F9DB8861AC28F850084D3C9 /* PS_ImageCollectionViewCell.m */,
			);
			name = Views;
			sourceTree = "<group>";
		};
		C8B016661AC170DE0043120A /* Controllers */ = {
			isa = PBXGroup;
			children = (
				6F9DB8881AC291460084D3C9 /* a.png */,
				6F9DB87E1AC2735D0084D3C9 /* PS_BaseNavigationController.h */,
				6F9DB87F1AC2735D0084D3C9 /* PS_BaseNavigationController.m */,
				6F9DB8601AC260DB0084D3C9 /* PS_TabBarViewController.h */,
				6F9DB8611AC260DB0084D3C9 /* PS_TabBarViewController.m */,
				6F9DB8661AC2630C0084D3C9 /* PS_DiscoverViewController.h */,
				6F9DB8671AC2630C0084D3C9 /* PS_DiscoverViewController.m */,
				6F9DB86C1AC26AD20084D3C9 /* PS_HotViewController.h */,
				6F9DB86D1AC26AD20084D3C9 /* PS_HotViewController.m */,
				6F9DB8721AC26B500084D3C9 /* PS_NotificationViewController.h */,
				6F9DB8731AC26B500084D3C9 /* PS_NotificationViewController.m */,
				6F9DB8751AC26BA60084D3C9 /* PS_AchievementViewController.h */,
				6F9DB8761AC26BA60084D3C9 /* PS_AchievementViewController.m */,
				6F9DB88A1AC2992A0084D3C9 /* PS_ImageDetailViewController.h */,
				6F9DB88B1AC2992A0084D3C9 /* PS_ImageDetailViewController.m */,
				6F9DB8911AC2A8A70084D3C9 /* PS_SettingViewController.h */,
				6F9DB8921AC2A8A70084D3C9 /* PS_SettingViewController.m */,
			);
			name = Controllers;
			sourceTree = "<group>";
		};
		C8B016671AC170E50043120A /* Models */ = {
			isa = PBXGroup;
			children = (
			);
			name = Models;
			sourceTree = "<group>";
		};
		C8B016681AC170ED0043120A /* Public */ = {
			isa = PBXGroup;
			children = (
			);
			name = Public;
			sourceTree = "<group>";
		};
		C8B0166A1AC172540043120A /* SDK */ = {
			isa = PBXGroup;
			children = (
			);
			name = SDK;
			sourceTree = "<group>";
		};
		C8B0166B1AC172620043120A /* DataManager */ = {
			isa = PBXGroup;
			children = (
			);
			name = DataManager;
			sourceTree = "<group>";
		};
		C8B0166C1AC172B00043120A /* Resources */ = {
			isa = PBXGroup;
			children = (
			);
			name = Resources;
			sourceTree = "<group>";
		};
		C8B0166D1AC172BB0043120A /* Categories */ = {
			isa = PBXGroup;
			children = (
			);
			name = Categories;
			sourceTree = "<group>";
		};
		C8B0166E1AC172D70043120A /* Share */ = {
			isa = PBXGroup;
			children = (
			);
			name = Share;
			sourceTree = "<group>";
		};
/* End PBXGroup section */

/* Begin PBXNativeTarget section */
		C8B0163B1AC170C90043120A /* iPhotoSocial */ = {
			isa = PBXNativeTarget;
			buildConfigurationList = C8B0165F1AC170C90043120A /* Build configuration list for PBXNativeTarget "iPhotoSocial" */;
			buildPhases = (
				C8B016381AC170C90043120A /* Sources */,
				C8B016391AC170C90043120A /* Frameworks */,
				C8B0163A1AC170C90043120A /* Resources */,
			);
			buildRules = (
			);
			dependencies = (
			);
			name = iPhotoSocial;
			productName = iPhotoSocial;
			productReference = C8B0163C1AC170C90043120A /* iPhotoSocial.app */;
			productType = "com.apple.product-type.application";
		};
		C8B016541AC170C90043120A /* iPhotoSocialTests */ = {
			isa = PBXNativeTarget;
			buildConfigurationList = C8B016621AC170C90043120A /* Build configuration list for PBXNativeTarget "iPhotoSocialTests" */;
			buildPhases = (
				C8B016511AC170C90043120A /* Sources */,
				C8B016521AC170C90043120A /* Frameworks */,
				C8B016531AC170C90043120A /* Resources */,
			);
			buildRules = (
			);
			dependencies = (
				C8B016571AC170C90043120A /* PBXTargetDependency */,
			);
			name = iPhotoSocialTests;
			productName = iPhotoSocialTests;
			productReference = C8B016551AC170C90043120A /* iPhotoSocialTests.xctest */;
			productType = "com.apple.product-type.bundle.unit-test";
		};
/* End PBXNativeTarget section */

/* Begin PBXProject section */
		C8B016341AC170C90043120A /* Project object */ = {
			isa = PBXProject;
			attributes = {
				LastUpgradeCheck = 0620;
				ORGANIZATIONNAME = Chen.Liu;
				TargetAttributes = {
					C8B0163B1AC170C90043120A = {
						CreatedOnToolsVersion = 6.2;
					};
					C8B016541AC170C90043120A = {
						CreatedOnToolsVersion = 6.2;
						TestTargetID = C8B0163B1AC170C90043120A;
					};
				};
			};
			buildConfigurationList = C8B016371AC170C90043120A /* Build configuration list for PBXProject "iPhotoSocial" */;
			compatibilityVersion = "Xcode 3.2";
			developmentRegion = English;
			hasScannedForEncodings = 0;
			knownRegions = (
				en,
				Base,
			);
			mainGroup = C8B016331AC170C90043120A;
			productRefGroup = C8B0163D1AC170C90043120A /* Products */;
			projectDirPath = "";
			projectRoot = "";
			targets = (
				C8B0163B1AC170C90043120A /* iPhotoSocial */,
				C8B016541AC170C90043120A /* iPhotoSocialTests */,
			);
		};
/* End PBXProject section */

/* Begin PBXResourcesBuildPhase section */
		C8B0163A1AC170C90043120A /* Resources */ = {
			isa = PBXResourcesBuildPhase;
			buildActionMask = 2147483647;
			files = (
				C8B0164B1AC170C90043120A /* Main.storyboard in Resources */,
				6F9DB8891AC291460084D3C9 /* a.png in Resources */,
				C8B016501AC170C90043120A /* LaunchScreen.xib in Resources */,
				C8B0164D1AC170C90043120A /* Images.xcassets in Resources */,
			);
			runOnlyForDeploymentPostprocessing = 0;
		};
		C8B016531AC170C90043120A /* Resources */ = {
			isa = PBXResourcesBuildPhase;
			buildActionMask = 2147483647;
			files = (
			);
			runOnlyForDeploymentPostprocessing = 0;
		};
/* End PBXResourcesBuildPhase section */

/* Begin PBXSourcesBuildPhase section */
		C8B016381AC170C90043120A /* Sources */ = {
			isa = PBXSourcesBuildPhase;
			buildActionMask = 2147483647;
			files = (
				6F9DB8801AC2735D0084D3C9 /* PS_BaseNavigationController.m in Sources */,
				C8B016481AC170C90043120A /* ViewController.m in Sources */,
				6F9DB8621AC260DB0084D3C9 /* PS_TabBarViewController.m in Sources */,
				6F9DB8931AC2A8A70084D3C9 /* PS_SettingViewController.m in Sources */,
				6F9DB8741AC26B500084D3C9 /* PS_NotificationViewController.m in Sources */,
				6F9DB86B1AC263FC0084D3C9 /* PS_CustomTabBarView.m in Sources */,
				C8B016451AC170C90043120A /* AppDelegate.m in Sources */,
				6F9DB8871AC28F850084D3C9 /* PS_ImageCollectionViewCell.m in Sources */,
				6F9DB8771AC26BA60084D3C9 /* PS_AchievementViewController.m in Sources */,
				6F9DB88C1AC2992A0084D3C9 /* PS_ImageDetailViewController.m in Sources */,
				6F9DB8681AC2630C0084D3C9 /* PS_DiscoverViewController.m in Sources */,
				6F9DB86E1AC26AD20084D3C9 /* PS_HotViewController.m in Sources */,
				C8B016421AC170C90043120A /* main.m in Sources */,
			);
			runOnlyForDeploymentPostprocessing = 0;
		};
		C8B016511AC170C90043120A /* Sources */ = {
			isa = PBXSourcesBuildPhase;
			buildActionMask = 2147483647;
			files = (
				C8B0165C1AC170C90043120A /* iPhotoSocialTests.m in Sources */,
			);
			runOnlyForDeploymentPostprocessing = 0;
		};
/* End PBXSourcesBuildPhase section */

/* Begin PBXTargetDependency section */
		C8B016571AC170C90043120A /* PBXTargetDependency */ = {
			isa = PBXTargetDependency;
			target = C8B0163B1AC170C90043120A /* iPhotoSocial */;
			targetProxy = C8B016561AC170C90043120A /* PBXContainerItemProxy */;
		};
/* End PBXTargetDependency section */

/* Begin PBXVariantGroup section */
		C8B016491AC170C90043120A /* Main.storyboard */ = {
			isa = PBXVariantGroup;
			children = (
				C8B0164A1AC170C90043120A /* Base */,
			);
			name = Main.storyboard;
			sourceTree = "<group>";
		};
		C8B0164E1AC170C90043120A /* LaunchScreen.xib */ = {
			isa = PBXVariantGroup;
			children = (
				C8B0164F1AC170C90043120A /* Base */,
			);
			name = LaunchScreen.xib;
			sourceTree = "<group>";
		};
/* End PBXVariantGroup section */

/* Begin XCBuildConfiguration section */
		C8B0165D1AC170C90043120A /* Debug */ = {
			isa = XCBuildConfiguration;
			buildSettings = {
				ALWAYS_SEARCH_USER_PATHS = NO;
				CLANG_CXX_LANGUAGE_STANDARD = "gnu++0x";
				CLANG_CXX_LIBRARY = "libc++";
				CLANG_ENABLE_MODULES = YES;
				CLANG_ENABLE_OBJC_ARC = YES;
				CLANG_WARN_BOOL_CONVERSION = YES;
				CLANG_WARN_CONSTANT_CONVERSION = YES;
				CLANG_WARN_DIRECT_OBJC_ISA_USAGE = YES_ERROR;
				CLANG_WARN_EMPTY_BODY = YES;
				CLANG_WARN_ENUM_CONVERSION = YES;
				CLANG_WARN_INT_CONVERSION = YES;
				CLANG_WARN_OBJC_ROOT_CLASS = YES_ERROR;
				CLANG_WARN_UNREACHABLE_CODE = YES;
				CLANG_WARN__DUPLICATE_METHOD_MATCH = YES;
				"CODE_SIGN_IDENTITY[sdk=iphoneos*]" = "iPhone Developer";
				COPY_PHASE_STRIP = NO;
				ENABLE_STRICT_OBJC_MSGSEND = YES;
				GCC_C_LANGUAGE_STANDARD = gnu99;
				GCC_DYNAMIC_NO_PIC = NO;
				GCC_OPTIMIZATION_LEVEL = 0;
				GCC_PREPROCESSOR_DEFINITIONS = (
					"DEBUG=1",
					"$(inherited)",
				);
				GCC_SYMBOLS_PRIVATE_EXTERN = NO;
				GCC_WARN_64_TO_32_BIT_CONVERSION = YES;
				GCC_WARN_ABOUT_RETURN_TYPE = YES_ERROR;
				GCC_WARN_UNDECLARED_SELECTOR = YES;
				GCC_WARN_UNINITIALIZED_AUTOS = YES_AGGRESSIVE;
				GCC_WARN_UNUSED_FUNCTION = YES;
				GCC_WARN_UNUSED_VARIABLE = YES;
				IPHONEOS_DEPLOYMENT_TARGET = 7.0;
				MTL_ENABLE_DEBUG_INFO = YES;
				ONLY_ACTIVE_ARCH = YES;
				SDKROOT = iphoneos;
			};
			name = Debug;
		};
		C8B0165E1AC170C90043120A /* Release */ = {
			isa = XCBuildConfiguration;
			buildSettings = {
				ALWAYS_SEARCH_USER_PATHS = NO;
				CLANG_CXX_LANGUAGE_STANDARD = "gnu++0x";
				CLANG_CXX_LIBRARY = "libc++";
				CLANG_ENABLE_MODULES = YES;
				CLANG_ENABLE_OBJC_ARC = YES;
				CLANG_WARN_BOOL_CONVERSION = YES;
				CLANG_WARN_CONSTANT_CONVERSION = YES;
				CLANG_WARN_DIRECT_OBJC_ISA_USAGE = YES_ERROR;
				CLANG_WARN_EMPTY_BODY = YES;
				CLANG_WARN_ENUM_CONVERSION = YES;
				CLANG_WARN_INT_CONVERSION = YES;
				CLANG_WARN_OBJC_ROOT_CLASS = YES_ERROR;
				CLANG_WARN_UNREACHABLE_CODE = YES;
				CLANG_WARN__DUPLICATE_METHOD_MATCH = YES;
				"CODE_SIGN_IDENTITY[sdk=iphoneos*]" = "iPhone Developer";
				COPY_PHASE_STRIP = NO;
				ENABLE_NS_ASSERTIONS = NO;
				ENABLE_STRICT_OBJC_MSGSEND = YES;
				GCC_C_LANGUAGE_STANDARD = gnu99;
				GCC_WARN_64_TO_32_BIT_CONVERSION = YES;
				GCC_WARN_ABOUT_RETURN_TYPE = YES_ERROR;
				GCC_WARN_UNDECLARED_SELECTOR = YES;
				GCC_WARN_UNINITIALIZED_AUTOS = YES_AGGRESSIVE;
				GCC_WARN_UNUSED_FUNCTION = YES;
				GCC_WARN_UNUSED_VARIABLE = YES;
				IPHONEOS_DEPLOYMENT_TARGET = 7.0;
				MTL_ENABLE_DEBUG_INFO = NO;
				SDKROOT = iphoneos;
				VALIDATE_PRODUCT = YES;
			};
			name = Release;
		};
		C8B016601AC170C90043120A /* Debug */ = {
			isa = XCBuildConfiguration;
			buildSettings = {
				ASSETCATALOG_COMPILER_APPICON_NAME = AppIcon;
				INFOPLIST_FILE = iPhotoSocial/Info.plist;
				LD_RUNPATH_SEARCH_PATHS = "$(inherited) @executable_path/Frameworks";
				PRODUCT_NAME = "$(TARGET_NAME)";
			};
			name = Debug;
		};
		C8B016611AC170C90043120A /* Release */ = {
			isa = XCBuildConfiguration;
			buildSettings = {
				ASSETCATALOG_COMPILER_APPICON_NAME = AppIcon;
				INFOPLIST_FILE = iPhotoSocial/Info.plist;
				LD_RUNPATH_SEARCH_PATHS = "$(inherited) @executable_path/Frameworks";
				PRODUCT_NAME = "$(TARGET_NAME)";
			};
			name = Release;
		};
		C8B016631AC170C90043120A /* Debug */ = {
			isa = XCBuildConfiguration;
			buildSettings = {
				BUNDLE_LOADER = "$(TEST_HOST)";
				FRAMEWORK_SEARCH_PATHS = (
					"$(SDKROOT)/Developer/Library/Frameworks",
					"$(inherited)",
				);
				GCC_PREPROCESSOR_DEFINITIONS = (
					"DEBUG=1",
					"$(inherited)",
				);
				INFOPLIST_FILE = iPhotoSocialTests/Info.plist;
				LD_RUNPATH_SEARCH_PATHS = "$(inherited) @executable_path/Frameworks @loader_path/Frameworks";
				PRODUCT_NAME = "$(TARGET_NAME)";
				TEST_HOST = "$(BUILT_PRODUCTS_DIR)/iPhotoSocial.app/iPhotoSocial";
			};
			name = Debug;
		};
		C8B016641AC170C90043120A /* Release */ = {
			isa = XCBuildConfiguration;
			buildSettings = {
				BUNDLE_LOADER = "$(TEST_HOST)";
				FRAMEWORK_SEARCH_PATHS = (
					"$(SDKROOT)/Developer/Library/Frameworks",
					"$(inherited)",
				);
				INFOPLIST_FILE = iPhotoSocialTests/Info.plist;
				LD_RUNPATH_SEARCH_PATHS = "$(inherited) @executable_path/Frameworks @loader_path/Frameworks";
				PRODUCT_NAME = "$(TARGET_NAME)";
				TEST_HOST = "$(BUILT_PRODUCTS_DIR)/iPhotoSocial.app/iPhotoSocial";
			};
			name = Release;
		};
/* End XCBuildConfiguration section */

/* Begin XCConfigurationList section */
		C8B016371AC170C90043120A /* Build configuration list for PBXProject "iPhotoSocial" */ = {
			isa = XCConfigurationList;
			buildConfigurations = (
				C8B0165D1AC170C90043120A /* Debug */,
				C8B0165E1AC170C90043120A /* Release */,
			);
			defaultConfigurationIsVisible = 0;
			defaultConfigurationName = Release;
		};
		C8B0165F1AC170C90043120A /* Build configuration list for PBXNativeTarget "iPhotoSocial" */ = {
			isa = XCConfigurationList;
			buildConfigurations = (
				C8B016601AC170C90043120A /* Debug */,
				C8B016611AC170C90043120A /* Release */,
			);
			defaultConfigurationIsVisible = 0;
			defaultConfigurationName = Release;
		};
		C8B016621AC170C90043120A /* Build configuration list for PBXNativeTarget "iPhotoSocialTests" */ = {
			isa = XCConfigurationList;
			buildConfigurations = (
				C8B016631AC170C90043120A /* Debug */,
				C8B016641AC170C90043120A /* Release */,
			);
			defaultConfigurationIsVisible = 0;
			defaultConfigurationName = Release;
		};
/* End XCConfigurationList section */
	};
	rootObject = C8B016341AC170C90043120A /* Project object */;
}
